
Microsoft Visual Studio Solution File, Format Version 12.00
# Visual Studio Version 16
VisualStudioVersion = 16.0.29519.87
MinimumVisualStudioVersion = 10.0.40219.1
Project("{FAE04EC0-301F-11D3-BF4B-00C04F79EFBC}") = "test3", "test3\test3.csproj", "{5323DF1D-E6B1-4C44-8FC5-5E693275FCDE}"
EndProject
Global
	GlobalSection(SolutionConfigurationPlatforms) = preSolution
		Debug|Any CPU = Debug|Any CPU
		Release|Any CPU = Release|Any CPU
	EndGlobalSection
	GlobalSection(ProjectConfigurationPlatforms) = postSolution
		{5323DF1D-E6B1-4C44-8FC5-5E693275FCDE}.Debug|Any CPU.ActiveCfg = Debug|Any CPU
		{5323DF1D-E6B1-4C44-8FC5-5E693275FCDE}.Debug|Any CPU.Build.0 = Debug|Any CPU
		{5323DF1D-E6B1-4C44-8FC5-5E693275FCDE}.Release|Any CPU.ActiveCfg = Release|Any CPU
		{5323DF1D-E6B1-4C44-8FC5-5E693275FCDE}.Release|Any CPU.Build.0 = Release|Any CPU
	EndGlobalSection
	GlobalSection(SolutionProperties) = preSolution
		HideSolutionNode = FALSE
	EndGlobalSection
	GlobalSection(ExtensibilityGlobals) = postSolution
		SolutionGuid = {044D94F4-7D87-4F4A-A49A-A9ED70A39F09}
	EndGlobalSection
EndGlobal
